<?xml version="1.0" encoding="utf-8"?>
<Project ToolsVersion="4.0" xmlns="http://schemas.microsoft.com/developer/msbuild/2003">
  <ItemGroup>
    <Filter Include="Source Files">
      <UniqueIdentifier>{4FC737F1-C7A5-4376-A066-2A32D752A2FF}</UniqueIdentifier>
      <Extensions>cpp;c;cc;cxx;c++;cppm;ixx;def;odl;idl;hpj;bat;asm;asmx</Extensions>
    </Filter>
    <Filter Include="Header Files">
      <UniqueIdentifier>{93995380-89BD-4b04-88EB-625FBE52EBFB}</UniqueIdentifier>
      <Extensions>h;hh;hpp;hxx;h++;hm;inl;inc;ipp;xsd</Extensions>
    </Filter>
    <Filter Include="Resource Files">
      <UniqueIdentifier>{67DA6AB6-F800-4c08-8B7A-83BB121AAD01}</UniqueIdentifier>
      <Extensions>rc;ico;cur;bmp;dlg;rc2;rct;bin;rgs;gif;jpg;jpeg;jpe;resx;tiff;tif;png;wav;mfcribbon-ms</Extensions>
    </Filter>
    <Filter Include="Header Files\Plog">
      <UniqueIdentifier>{303b529a-8830-4f13-86d5-0b3e5cad6af6}</UniqueIdentifier>
    </Filter>
    <Filter Include="Header Files\Plog\Appenders">
      <UniqueIdentifier>{0438d566-40d6-41ed-83e3-c70a9dda8732}</UniqueIdentifier>
    </Filter>
    <Filter Include="Header Files\Plog\Converters">
      <UniqueIdentifier>{330da078-9a08-4d8e-8c66-2ed84adef7e3}</UniqueIdentifier>
    </Filter>
    <Filter Include="Header Files\Plog\Formatters">
      <UniqueIdentifier>{cabea740-bb6d-4e49-b25b-bc57001ec100}</UniqueIdentifier>
    </Filter>
    <Filter Include="Header Files\Plog\Helpers">
      <UniqueIdentifier>{5257fd08-a7ca-4b87-8561-fee2122c4989}</UniqueIdentifier>
    </Filter>
    <Filter Include="Header Files\Plog\Initializers">
      <UniqueIdentifier>{cfe6b9c7-c242-41e7-b01e-7b2a7c847e9a}</UniqueIdentifier>
    </Filter>
  </ItemGroup>
  <ItemGroup>
    <ClCompile Include="SKIFdrv.cpp">
      <Filter>Source Files</Filter>
    </ClCompile>
    <ClCompile Include="utility.cpp">
      <Filter>Source Files</Filter>
    </ClCompile>
    <ClCompile Include="drvmgnt.cpp">
      <Filter>Source Files</Filter>
    </ClCompile>
  </ItemGroup>
  <ItemGroup>
    <ResourceCompile Include="SKIFdrv.rc">
      <Filter>Resource Files</Filter>
    </ResourceCompile>
  </ItemGroup>
  <ItemGroup>
    <ClInclude Include="resource.h">
      <Filter>Header Files</Filter>
    </ClInclude>
    <ClInclude Include="framework.h">
      <Filter>Header Files</Filter>
    </ClInclude>
    <ClInclude Include="targetver.h">
      <Filter>Header Files</Filter>
    </ClInclude>
    <ClInclude Include="drvmgnt.h">
      <Filter>Header Files</Filter>
    </ClInclude>
    <ClInclude Include="utility.h">
      <Filter>Header Files</Filter>
    </ClInclude>
    <ClInclude Include="include\plog\Appenders\AndroidAppender.h">
      <Filter>Header Files\Plog\Appenders</Filter>
    </ClInclude>
    <ClInclude Include="include\plog\Appenders\ColorConsoleAppender.h">
      <Filter>Header Files\Plog\Appenders</Filter>
    </ClInclude>
    <ClInclude Include="include\plog\Appenders\ConsoleAppender.h">
      <Filter>Header Files\Plog\Appenders</Filter>
    </ClInclude>
    <ClInclude Include="include\plog\Appenders\DebugOutputAppender.h">
      <Filter>Header Files\Plog\Appenders</Filter>
    </ClInclude>
    <ClInclude Include="include\plog\Appenders\DynamicAppender.h">
      <Filter>Header Files\Plog\Appenders</Filter>
    </ClInclude>
    <ClInclude Include="include\plog\Appenders\EventLogAppender.h">
      <Filter>Header Files\Plog\Appenders</Filter>
    </ClInclude>
    <ClInclude Include="include\plog\Appenders\IAppender.h">
      <Filter>Header Files\Plog\Appenders</Filter>
    </ClInclude>
    <ClInclude Include="include\plog\Appenders\RollingFileAppender.h">
      <Filter>Header Files\Plog\Appenders</Filter>
    </ClInclude>
    <ClInclude Include="include\plog\Converters\NativeEOLConverter.h">
      <Filter>Header Files\Plog\Converters</Filter>
    </ClInclude>
    <ClInclude Include="include\plog\Converters\UTF8Converter.h">
      <Filter>Header Files\Plog\Converters</Filter>
    </ClInclude>
    <ClInclude Include="include\plog\Formatters\CsvFormatter.h">
      <Filter>Header Files\Plog\Formatters</Filter>
    </ClInclude>
    <ClInclude Include="include\plog\Formatters\FuncMessageFormatter.h">
      <Filter>Header Files\Plog\Formatters</Filter>
    </ClInclude>
    <ClInclude Include="include\plog\Formatters\MessageOnlyFormatter.h">
      <Filter>Header Files\Plog\Formatters</Filter>
    </ClInclude>
    <ClInclude Include="include\plog\Formatters\TxtFormatter.h">
      <Filter>Header Files\Plog\Formatters</Filter>
    </ClInclude>
    <ClInclude Include="include\plog\Helpers\AscDump.h">
      <Filter>Header Files\Plog\Helpers</Filter>
    </ClInclude>
    <ClInclude Include="include\plog\Helpers\HexDump.h">
      <Filter>Header Files\Plog\Helpers</Filter>
    </ClInclude>
    <ClInclude Include="include\plog\Helpers\PrintVar.h">
      <Filter>Header Files\Plog\Helpers</Filter>
    </ClInclude>
    <ClInclude Include="include\plog\Initializers\ConsoleInitializer.h">
      <Filter>Header Files\Plog\Initializers</Filter>
    </ClInclude>
    <ClInclude Include="include\plog\Initializers\RollingFileInitializer.h">
      <Filter>Header Files\Plog\Initializers</Filter>
    </ClInclude>
    <ClInclude Include="include\plog\Init.h">
      <Filter>Header Files\Plog</Filter>
    </ClInclude>
    <ClInclude Include="include\plog\Log.h">
      <Filter>Header Files\Plog</Filter>
    </ClInclude>
    <ClInclude Include="include\plog\Logger.h">
      <Filter>Header Files\Plog</Filter>
    </ClInclude>
    <ClInclude Include="include\plog\Record.h">
      <Filter>Header Files\Plog</Filter>
    </ClInclude>
    <ClInclude Include="include\plog\Severity.h">
      <Filter>Header Files\Plog</Filter>
    </ClInclude>
    <ClInclude Include="include\plog\Util.h">
      <Filter>Header Files\Plog</Filter>
    </ClInclude>
    <ClInclude Include="include\plog\WinApi.h">
      <Filter>Header Files\Plog</Filter>
    </ClInclude>
    <ClInclude Include="SKIFdrv.h">
      <Filter>Header Files</Filter>
    </ClInclude>
  </ItemGroup>
</Project>